
Microsoft Visual Studio Solution File, Format Version 12.00
# Visual Studio Version 17
VisualStudioVersion = 17.2.32630.192
MinimumVisualStudioVersion = 10.0.40219.1
Project("{FAE04EC0-301F-11D3-BF4B-00C04F79EFBC}") = "RentaCar", "RentaCar\RentaCar.csproj", "{C447F409-A147-4868-9BA7-7AA1B3C1A093}"
EndProject
Global
	GlobalSection(SolutionConfigurationPlatforms) = preSolution
		Debug|Any CPU = Debug|Any CPU
		Release|Any CPU = Release|Any CPU
	EndGlobalSection
	GlobalSection(ProjectConfigurationPlatforms) = postSolution
		{C447F409-A147-4868-9BA7-7AA1B3C1A093}.Debug|Any CPU.ActiveCfg = Debug|Any CPU
		{C447F409-A147-4868-9BA7-7AA1B3C1A093}.Debug|Any CPU.Build.0 = Debug|Any CPU
		{C447F409-A147-4868-9BA7-7AA1B3C1A093}.Release|Any CPU.ActiveCfg = Release|Any CPU
		{C447F409-A147-4868-9BA7-7AA1B3C1A093}.Release|Any CPU.Build.0 = Release|Any CPU
	EndGlobalSection
	GlobalSection(SolutionProperties) = preSolution
		HideSolutionNode = FALSE
	EndGlobalSection
	GlobalSection(ExtensibilityGlobals) = postSolution
		SolutionGuid = {C9D7BFC7-4969-4F73-BDB0-9D07EA8DF9C6}
	EndGlobalSection
EndGlobal
